
Microsoft Visual Studio Solution File, Format Version 12.00
# Visual Studio Version 17
VisualStudioVersion = 17.14.36518.9 d17.14
MinimumVisualStudioVersion = 10.0.40219.1
Project("{FAE04EC0-301F-11D3-BF4B-00C04F79EFBC}") = "LInqCasa", "LInqCasa\LInqCasa.csproj", "{36A26492-C567-4ACE-844C-DC1E65DD0FBA}"
EndProject
Global
	GlobalSection(SolutionConfigurationPlatforms) = preSolution
		Debug|Any CPU = Debug|Any CPU
		Release|Any CPU = Release|Any CPU
	EndGlobalSection
	GlobalSection(ProjectConfigurationPlatforms) = postSolution
		{36A26492-C567-4ACE-844C-DC1E65DD0FBA}.Debug|Any CPU.ActiveCfg = Debug|Any CPU
		{36A26492-C567-4ACE-844C-DC1E65DD0FBA}.Debug|Any CPU.Build.0 = Debug|Any CPU
		{36A26492-C567-4ACE-844C-DC1E65DD0FBA}.Release|Any CPU.ActiveCfg = Release|Any CPU
		{36A26492-C567-4ACE-844C-DC1E65DD0FBA}.Release|Any CPU.Build.0 = Release|Any CPU
	EndGlobalSection
	GlobalSection(SolutionProperties) = preSolution
		HideSolutionNode = FALSE
	EndGlobalSection
	GlobalSection(ExtensibilityGlobals) = postSolution
		SolutionGuid = {941AE595-9B25-4DF4-9D88-62D005318507}
	EndGlobalSection
EndGlobal
