
Microsoft Visual Studio Solution File, Format Version 12.00
# Visual Studio Version 17
VisualStudioVersion = 17.14.36518.9 d17.14
MinimumVisualStudioVersion = 10.0.40219.1
Project("{FAE04EC0-301F-11D3-BF4B-00C04F79EFBC}") = "ejerciciosJavaScript", "ejerciciosJavaScript\ejerciciosJavaScript.csproj", "{11FA71D7-0985-45F0-805E-F57316F85845}"
EndProject
Global
	GlobalSection(SolutionConfigurationPlatforms) = preSolution
		Debug|Any CPU = Debug|Any CPU
		Release|Any CPU = Release|Any CPU
	EndGlobalSection
	GlobalSection(ProjectConfigurationPlatforms) = postSolution
		{11FA71D7-0985-45F0-805E-F57316F85845}.Debug|Any CPU.ActiveCfg = Debug|Any CPU
		{11FA71D7-0985-45F0-805E-F57316F85845}.Debug|Any CPU.Build.0 = Debug|Any CPU
		{11FA71D7-0985-45F0-805E-F57316F85845}.Release|Any CPU.ActiveCfg = Release|Any CPU
		{11FA71D7-0985-45F0-805E-F57316F85845}.Release|Any CPU.Build.0 = Release|Any CPU
	EndGlobalSection
	GlobalSection(SolutionProperties) = preSolution
		HideSolutionNode = FALSE
	EndGlobalSection
	GlobalSection(ExtensibilityGlobals) = postSolution
		SolutionGuid = {8845036F-9743-42D0-8252-8C5F04620604}
	EndGlobalSection
EndGlobal
