
Microsoft Visual Studio Solution File, Format Version 12.00
# Visual Studio Version 17
VisualStudioVersion = 17.14.36705.20 d17.14
MinimumVisualStudioVersion = 10.0.40219.1
Project("{FAE04EC0-301F-11D3-BF4B-00C04F79EFBC}") = "BusinessSchool", "BusinessSchool\BusinessSchool.csproj", "{1F31A507-8D61-474F-892D-07A16245FF27}"
EndProject
Global
	GlobalSection(SolutionConfigurationPlatforms) = preSolution
		Debug|Any CPU = Debug|Any CPU
		Release|Any CPU = Release|Any CPU
	EndGlobalSection
	GlobalSection(ProjectConfigurationPlatforms) = postSolution
		{1F31A507-8D61-474F-892D-07A16245FF27}.Debug|Any CPU.ActiveCfg = Debug|Any CPU
		{1F31A507-8D61-474F-892D-07A16245FF27}.Debug|Any CPU.Build.0 = Debug|Any CPU
		{1F31A507-8D61-474F-892D-07A16245FF27}.Release|Any CPU.ActiveCfg = Release|Any CPU
		{1F31A507-8D61-474F-892D-07A16245FF27}.Release|Any CPU.Build.0 = Release|Any CPU
	EndGlobalSection
	GlobalSection(SolutionProperties) = preSolution
		HideSolutionNode = FALSE
	EndGlobalSection
	GlobalSection(ExtensibilityGlobals) = postSolution
		SolutionGuid = {C201E5D3-A5BD-4794-A01D-6E05711D0FDE}
	EndGlobalSection
EndGlobal
