
Microsoft Visual Studio Solution File, Format Version 12.00
# Visual Studio Version 17
VisualStudioVersion = 17.14.36518.9 d17.14
MinimumVisualStudioVersion = 10.0.40219.1
Project("{FAE04EC0-301F-11D3-BF4B-00C04F79EFBC}") = "Ejercicio4", "Ejercicio4\Ejercicio4.csproj", "{A7300D15-53FD-45A3-8668-49A9961F2C5C}"
EndProject
Global
	GlobalSection(SolutionConfigurationPlatforms) = preSolution
		Debug|Any CPU = Debug|Any CPU
		Release|Any CPU = Release|Any CPU
	EndGlobalSection
	GlobalSection(ProjectConfigurationPlatforms) = postSolution
		{A7300D15-53FD-45A3-8668-49A9961F2C5C}.Debug|Any CPU.ActiveCfg = Debug|Any CPU
		{A7300D15-53FD-45A3-8668-49A9961F2C5C}.Debug|Any CPU.Build.0 = Debug|Any CPU
		{A7300D15-53FD-45A3-8668-49A9961F2C5C}.Release|Any CPU.ActiveCfg = Release|Any CPU
		{A7300D15-53FD-45A3-8668-49A9961F2C5C}.Release|Any CPU.Build.0 = Release|Any CPU
	EndGlobalSection
	GlobalSection(SolutionProperties) = preSolution
		HideSolutionNode = FALSE
	EndGlobalSection
	GlobalSection(ExtensibilityGlobals) = postSolution
		SolutionGuid = {A3CB13FF-7BFD-4D04-9714-67C00E9A6485}
	EndGlobalSection
EndGlobal
