
Microsoft Visual Studio Solution File, Format Version 12.00
# Visual Studio Version 17
VisualStudioVersion = 17.14.36518.9 d17.14
MinimumVisualStudioVersion = 10.0.40219.1
Project("{FAE04EC0-301F-11D3-BF4B-00C04F79EFBC}") = "Ficheros", "Ficheros\Ficheros.csproj", "{35A28C1D-AC06-4A3D-B008-8625DE9EDF62}"
EndProject
Global
	GlobalSection(SolutionConfigurationPlatforms) = preSolution
		Debug|Any CPU = Debug|Any CPU
		Release|Any CPU = Release|Any CPU
	EndGlobalSection
	GlobalSection(ProjectConfigurationPlatforms) = postSolution
		{35A28C1D-AC06-4A3D-B008-8625DE9EDF62}.Debug|Any CPU.ActiveCfg = Debug|Any CPU
		{35A28C1D-AC06-4A3D-B008-8625DE9EDF62}.Debug|Any CPU.Build.0 = Debug|Any CPU
		{35A28C1D-AC06-4A3D-B008-8625DE9EDF62}.Release|Any CPU.ActiveCfg = Release|Any CPU
		{35A28C1D-AC06-4A3D-B008-8625DE9EDF62}.Release|Any CPU.Build.0 = Release|Any CPU
	EndGlobalSection
	GlobalSection(SolutionProperties) = preSolution
		HideSolutionNode = FALSE
	EndGlobalSection
	GlobalSection(ExtensibilityGlobals) = postSolution
		SolutionGuid = {2CA68A97-A88D-4FB8-99A8-04F2C0ACEA32}
	EndGlobalSection
EndGlobal
