
Microsoft Visual Studio Solution File, Format Version 12.00
# Visual Studio Version 17
VisualStudioVersion = 17.14.36518.9 d17.14
MinimumVisualStudioVersion = 10.0.40219.1
Project("{FAE04EC0-301F-11D3-BF4B-00C04F79EFBC}") = "ProyectosEnergiaRenovable", "ProyectosEnergiaRenovable\ProyectosEnergiaRenovable.csproj", "{BA13C428-466C-45FA-80B8-ABE32F59D235}"
EndProject
Global
	GlobalSection(SolutionConfigurationPlatforms) = preSolution
		Debug|Any CPU = Debug|Any CPU
		Release|Any CPU = Release|Any CPU
	EndGlobalSection
	GlobalSection(ProjectConfigurationPlatforms) = postSolution
		{BA13C428-466C-45FA-80B8-ABE32F59D235}.Debug|Any CPU.ActiveCfg = Debug|Any CPU
		{BA13C428-466C-45FA-80B8-ABE32F59D235}.Debug|Any CPU.Build.0 = Debug|Any CPU
		{BA13C428-466C-45FA-80B8-ABE32F59D235}.Release|Any CPU.ActiveCfg = Release|Any CPU
		{BA13C428-466C-45FA-80B8-ABE32F59D235}.Release|Any CPU.Build.0 = Release|Any CPU
	EndGlobalSection
	GlobalSection(SolutionProperties) = preSolution
		HideSolutionNode = FALSE
	EndGlobalSection
	GlobalSection(ExtensibilityGlobals) = postSolution
		SolutionGuid = {AC8EABF7-4ED8-46F4-91BF-DCD41C660522}
	EndGlobalSection
EndGlobal
