
Microsoft Visual Studio Solution File, Format Version 12.00
# Visual Studio Version 17
VisualStudioVersion = 17.14.36518.9 d17.14
MinimumVisualStudioVersion = 10.0.40219.1
Project("{FAE04EC0-301F-11D3-BF4B-00C04F79EFBC}") = "ReservaHotel", "ReservaHotel\ReservaHotel.csproj", "{7E932B52-FEF2-4B05-BAEC-D62D68C0EF47}"
EndProject
Global
	GlobalSection(SolutionConfigurationPlatforms) = preSolution
		Debug|Any CPU = Debug|Any CPU
		Release|Any CPU = Release|Any CPU
	EndGlobalSection
	GlobalSection(ProjectConfigurationPlatforms) = postSolution
		{7E932B52-FEF2-4B05-BAEC-D62D68C0EF47}.Debug|Any CPU.ActiveCfg = Debug|Any CPU
		{7E932B52-FEF2-4B05-BAEC-D62D68C0EF47}.Debug|Any CPU.Build.0 = Debug|Any CPU
		{7E932B52-FEF2-4B05-BAEC-D62D68C0EF47}.Release|Any CPU.ActiveCfg = Release|Any CPU
		{7E932B52-FEF2-4B05-BAEC-D62D68C0EF47}.Release|Any CPU.Build.0 = Release|Any CPU
	EndGlobalSection
	GlobalSection(SolutionProperties) = preSolution
		HideSolutionNode = FALSE
	EndGlobalSection
	GlobalSection(ExtensibilityGlobals) = postSolution
		SolutionGuid = {DD333209-424E-4D45-B33D-896CD16EB117}
	EndGlobalSection
EndGlobal
