
Microsoft Visual Studio Solution File, Format Version 12.00
# Visual Studio Version 17
VisualStudioVersion = 17.14.36518.9 d17.14
MinimumVisualStudioVersion = 10.0.40219.1
Project("{FAE04EC0-301F-11D3-BF4B-00C04F79EFBC}") = "PracticaLinqSql", "PracticaLinqSql\PracticaLinqSql.csproj", "{964323D8-5ECD-4DFE-85DE-6D2943BC5F6A}"
EndProject
Global
	GlobalSection(SolutionConfigurationPlatforms) = preSolution
		Debug|Any CPU = Debug|Any CPU
		Release|Any CPU = Release|Any CPU
	EndGlobalSection
	GlobalSection(ProjectConfigurationPlatforms) = postSolution
		{964323D8-5ECD-4DFE-85DE-6D2943BC5F6A}.Debug|Any CPU.ActiveCfg = Debug|Any CPU
		{964323D8-5ECD-4DFE-85DE-6D2943BC5F6A}.Debug|Any CPU.Build.0 = Debug|Any CPU
		{964323D8-5ECD-4DFE-85DE-6D2943BC5F6A}.Release|Any CPU.ActiveCfg = Release|Any CPU
		{964323D8-5ECD-4DFE-85DE-6D2943BC5F6A}.Release|Any CPU.Build.0 = Release|Any CPU
	EndGlobalSection
	GlobalSection(SolutionProperties) = preSolution
		HideSolutionNode = FALSE
	EndGlobalSection
	GlobalSection(ExtensibilityGlobals) = postSolution
		SolutionGuid = {F03A2E95-28E1-4C0F-AFDF-AD4F2192C386}
	EndGlobalSection
EndGlobal
