
Microsoft Visual Studio Solution File, Format Version 12.00
# Visual Studio Version 17
VisualStudioVersion = 17.14.36518.9 d17.14
MinimumVisualStudioVersion = 10.0.40219.1
Project("{FAE04EC0-301F-11D3-BF4B-00C04F79EFBC}") = "UrlsAndRoutes", "UrlsAndRoutes\UrlsAndRoutes.csproj", "{9192DA70-DF11-4E68-A562-A737883831DA}"
EndProject
Global
	GlobalSection(SolutionConfigurationPlatforms) = preSolution
		Debug|Any CPU = Debug|Any CPU
		Release|Any CPU = Release|Any CPU
	EndGlobalSection
	GlobalSection(ProjectConfigurationPlatforms) = postSolution
		{9192DA70-DF11-4E68-A562-A737883831DA}.Debug|Any CPU.ActiveCfg = Debug|Any CPU
		{9192DA70-DF11-4E68-A562-A737883831DA}.Debug|Any CPU.Build.0 = Debug|Any CPU
		{9192DA70-DF11-4E68-A562-A737883831DA}.Release|Any CPU.ActiveCfg = Release|Any CPU
		{9192DA70-DF11-4E68-A562-A737883831DA}.Release|Any CPU.Build.0 = Release|Any CPU
	EndGlobalSection
	GlobalSection(SolutionProperties) = preSolution
		HideSolutionNode = FALSE
	EndGlobalSection
	GlobalSection(ExtensibilityGlobals) = postSolution
		SolutionGuid = {9E699A42-D224-4DE9-8FEE-685F22A0BCA8}
	EndGlobalSection
EndGlobal
