
Microsoft Visual Studio Solution File, Format Version 12.00
# Visual Studio Version 17
VisualStudioVersion = 17.14.36518.9 d17.14
MinimumVisualStudioVersion = 10.0.40219.1
Project("{FAE04EC0-301F-11D3-BF4B-00C04F79EFBC}") = "Linq4", "Linq4\Linq4.csproj", "{0E8EB85C-3A3C-43EE-A48E-8EF4CBE414F8}"
EndProject
Global
	GlobalSection(SolutionConfigurationPlatforms) = preSolution
		Debug|Any CPU = Debug|Any CPU
		Release|Any CPU = Release|Any CPU
	EndGlobalSection
	GlobalSection(ProjectConfigurationPlatforms) = postSolution
		{0E8EB85C-3A3C-43EE-A48E-8EF4CBE414F8}.Debug|Any CPU.ActiveCfg = Debug|Any CPU
		{0E8EB85C-3A3C-43EE-A48E-8EF4CBE414F8}.Debug|Any CPU.Build.0 = Debug|Any CPU
		{0E8EB85C-3A3C-43EE-A48E-8EF4CBE414F8}.Release|Any CPU.ActiveCfg = Release|Any CPU
		{0E8EB85C-3A3C-43EE-A48E-8EF4CBE414F8}.Release|Any CPU.Build.0 = Release|Any CPU
	EndGlobalSection
	GlobalSection(SolutionProperties) = preSolution
		HideSolutionNode = FALSE
	EndGlobalSection
	GlobalSection(ExtensibilityGlobals) = postSolution
		SolutionGuid = {7E7CDA71-BDD5-4534-8234-7B94A8FADF16}
	EndGlobalSection
EndGlobal
