
Microsoft Visual Studio Solution File, Format Version 12.00
# Visual Studio Version 17
VisualStudioVersion = 17.14.36705.20 d17.14
MinimumVisualStudioVersion = 10.0.40219.1
Project("{FAE04EC0-301F-11D3-BF4B-00C04F79EFBC}") = "EmployeesDataBaseApp", "EmployeesDataBaseApp\EmployeesDataBaseApp.csproj", "{135610CB-F66A-4577-9E63-2F6DE22EC74A}"
EndProject
Global
	GlobalSection(SolutionConfigurationPlatforms) = preSolution
		Debug|Any CPU = Debug|Any CPU
		Release|Any CPU = Release|Any CPU
	EndGlobalSection
	GlobalSection(ProjectConfigurationPlatforms) = postSolution
		{135610CB-F66A-4577-9E63-2F6DE22EC74A}.Debug|Any CPU.ActiveCfg = Debug|Any CPU
		{135610CB-F66A-4577-9E63-2F6DE22EC74A}.Debug|Any CPU.Build.0 = Debug|Any CPU
		{135610CB-F66A-4577-9E63-2F6DE22EC74A}.Release|Any CPU.ActiveCfg = Release|Any CPU
		{135610CB-F66A-4577-9E63-2F6DE22EC74A}.Release|Any CPU.Build.0 = Release|Any CPU
	EndGlobalSection
	GlobalSection(SolutionProperties) = preSolution
		HideSolutionNode = FALSE
	EndGlobalSection
	GlobalSection(ExtensibilityGlobals) = postSolution
		SolutionGuid = {5096597C-13D0-40F8-AFD4-1703695926FB}
	EndGlobalSection
EndGlobal
