
Microsoft Visual Studio Solution File, Format Version 12.00
# Visual Studio Version 17
VisualStudioVersion = 17.14.36518.9 d17.14
MinimumVisualStudioVersion = 10.0.40219.1
Project("{FAE04EC0-301F-11D3-BF4B-00C04F79EFBC}") = "ColoniasEspaciales", "ColoniasEspaciales\ColoniasEspaciales.csproj", "{10265660-EB68-4BAD-B66C-5668FEFB315A}"
EndProject
Global
	GlobalSection(SolutionConfigurationPlatforms) = preSolution
		Debug|Any CPU = Debug|Any CPU
		Release|Any CPU = Release|Any CPU
	EndGlobalSection
	GlobalSection(ProjectConfigurationPlatforms) = postSolution
		{10265660-EB68-4BAD-B66C-5668FEFB315A}.Debug|Any CPU.ActiveCfg = Debug|Any CPU
		{10265660-EB68-4BAD-B66C-5668FEFB315A}.Debug|Any CPU.Build.0 = Debug|Any CPU
		{10265660-EB68-4BAD-B66C-5668FEFB315A}.Release|Any CPU.ActiveCfg = Release|Any CPU
		{10265660-EB68-4BAD-B66C-5668FEFB315A}.Release|Any CPU.Build.0 = Release|Any CPU
	EndGlobalSection
	GlobalSection(SolutionProperties) = preSolution
		HideSolutionNode = FALSE
	EndGlobalSection
	GlobalSection(ExtensibilityGlobals) = postSolution
		SolutionGuid = {917DE579-E243-4E58-A18E-0CCB89A030A1}
	EndGlobalSection
EndGlobal
