
Microsoft Visual Studio Solution File, Format Version 12.00
# Visual Studio Version 17
VisualStudioVersion = 17.14.36518.9 d17.14
MinimumVisualStudioVersion = 10.0.40219.1
Project("{FAE04EC0-301F-11D3-BF4B-00C04F79EFBC}") = "EjerciciosCasa1", "EjerciciosCasa1\EjerciciosCasa1.csproj", "{1AC9035C-CE1C-4A5B-A3D1-2872ACF6D64F}"
EndProject
Global
	GlobalSection(SolutionConfigurationPlatforms) = preSolution
		Debug|Any CPU = Debug|Any CPU
		Release|Any CPU = Release|Any CPU
	EndGlobalSection
	GlobalSection(ProjectConfigurationPlatforms) = postSolution
		{1AC9035C-CE1C-4A5B-A3D1-2872ACF6D64F}.Debug|Any CPU.ActiveCfg = Debug|Any CPU
		{1AC9035C-CE1C-4A5B-A3D1-2872ACF6D64F}.Debug|Any CPU.Build.0 = Debug|Any CPU
		{1AC9035C-CE1C-4A5B-A3D1-2872ACF6D64F}.Release|Any CPU.ActiveCfg = Release|Any CPU
		{1AC9035C-CE1C-4A5B-A3D1-2872ACF6D64F}.Release|Any CPU.Build.0 = Release|Any CPU
	EndGlobalSection
	GlobalSection(SolutionProperties) = preSolution
		HideSolutionNode = FALSE
	EndGlobalSection
	GlobalSection(ExtensibilityGlobals) = postSolution
		SolutionGuid = {708FE355-9B19-41EB-85FE-36AB3D0C61E3}
	EndGlobalSection
EndGlobal
