
Microsoft Visual Studio Solution File, Format Version 12.00
# Visual Studio Version 17
VisualStudioVersion = 17.14.36518.9 d17.14
MinimumVisualStudioVersion = 10.0.40219.1
Project("{FAE04EC0-301F-11D3-BF4B-00C04F79EFBC}") = "GestionEscolar", "GestionEscolar\GestionEscolar.csproj", "{C07554D2-3C0D-4906-B899-14A31FE97852}"
EndProject
Global
	GlobalSection(SolutionConfigurationPlatforms) = preSolution
		Debug|Any CPU = Debug|Any CPU
		Release|Any CPU = Release|Any CPU
	EndGlobalSection
	GlobalSection(ProjectConfigurationPlatforms) = postSolution
		{C07554D2-3C0D-4906-B899-14A31FE97852}.Debug|Any CPU.ActiveCfg = Debug|Any CPU
		{C07554D2-3C0D-4906-B899-14A31FE97852}.Debug|Any CPU.Build.0 = Debug|Any CPU
		{C07554D2-3C0D-4906-B899-14A31FE97852}.Release|Any CPU.ActiveCfg = Release|Any CPU
		{C07554D2-3C0D-4906-B899-14A31FE97852}.Release|Any CPU.Build.0 = Release|Any CPU
	EndGlobalSection
	GlobalSection(SolutionProperties) = preSolution
		HideSolutionNode = FALSE
	EndGlobalSection
	GlobalSection(ExtensibilityGlobals) = postSolution
		SolutionGuid = {D11A9215-1E42-4E9E-8EF2-5A70E022A0EB}
	EndGlobalSection
EndGlobal
