
Microsoft Visual Studio Solution File, Format Version 12.00
# Visual Studio Version 17
VisualStudioVersion = 17.14.36518.9 d17.14
MinimumVisualStudioVersion = 10.0.40219.1
Project("{FAE04EC0-301F-11D3-BF4B-00C04F79EFBC}") = "Objetos", "Objetos\Objetos.csproj", "{80A610F2-6898-4CA0-8441-A978D71DE916}"
EndProject
Global
	GlobalSection(SolutionConfigurationPlatforms) = preSolution
		Debug|Any CPU = Debug|Any CPU
		Release|Any CPU = Release|Any CPU
	EndGlobalSection
	GlobalSection(ProjectConfigurationPlatforms) = postSolution
		{80A610F2-6898-4CA0-8441-A978D71DE916}.Debug|Any CPU.ActiveCfg = Debug|Any CPU
		{80A610F2-6898-4CA0-8441-A978D71DE916}.Debug|Any CPU.Build.0 = Debug|Any CPU
		{80A610F2-6898-4CA0-8441-A978D71DE916}.Release|Any CPU.ActiveCfg = Release|Any CPU
		{80A610F2-6898-4CA0-8441-A978D71DE916}.Release|Any CPU.Build.0 = Release|Any CPU
	EndGlobalSection
	GlobalSection(SolutionProperties) = preSolution
		HideSolutionNode = FALSE
	EndGlobalSection
	GlobalSection(ExtensibilityGlobals) = postSolution
		SolutionGuid = {6313E9F5-1463-4CF2-B042-4CAAE83DA42F}
	EndGlobalSection
EndGlobal
