
Microsoft Visual Studio Solution File, Format Version 12.00
# Visual Studio Version 17
VisualStudioVersion = 17.14.36518.9 d17.14
MinimumVisualStudioVersion = 10.0.40219.1
Project("{FAE04EC0-301F-11D3-BF4B-00C04F79EFBC}") = "Link1", "Link1\Link1.csproj", "{834C4113-4CE8-462A-9F50-D064B282E372}"
EndProject
Global
	GlobalSection(SolutionConfigurationPlatforms) = preSolution
		Debug|Any CPU = Debug|Any CPU
		Release|Any CPU = Release|Any CPU
	EndGlobalSection
	GlobalSection(ProjectConfigurationPlatforms) = postSolution
		{834C4113-4CE8-462A-9F50-D064B282E372}.Debug|Any CPU.ActiveCfg = Debug|Any CPU
		{834C4113-4CE8-462A-9F50-D064B282E372}.Debug|Any CPU.Build.0 = Debug|Any CPU
		{834C4113-4CE8-462A-9F50-D064B282E372}.Release|Any CPU.ActiveCfg = Release|Any CPU
		{834C4113-4CE8-462A-9F50-D064B282E372}.Release|Any CPU.Build.0 = Release|Any CPU
	EndGlobalSection
	GlobalSection(SolutionProperties) = preSolution
		HideSolutionNode = FALSE
	EndGlobalSection
	GlobalSection(ExtensibilityGlobals) = postSolution
		SolutionGuid = {157521FA-37CD-4EB5-8049-9FAD4A4523E5}
	EndGlobalSection
EndGlobal
